// !$*UTF8*$!
{
	archiveVersion = 1;
	classes = {
	};
	objectVersion = 50;
	objects = {

/* Begin PBXBuildFile section */
		11062817259291EA00B67046 /* DetailsHelper.m in Sources */ = {isa = PBXBuildFile; fileRef = 11062816259291EA00B67046 /* DetailsHelper.m */; };
		1106281C2592CF7200B67046 /* NSDictionary+Safety.m in Sources */ = {isa = PBXBuildFile; fileRef = 1106281B2592CF7200B67046 /* NSDictionary+Safety.m */; };
		1189630F25914F0A002D2522 /* User.m in Sources */ = {isa = PBXBuildFile; fileRef = 1189630E25914F0A002D2522 /* User.m */; };
		118963162591573C002D2522 /* HomeTableViewCell.m in Sources */ = {isa = PBXBuildFile; fileRef = 118963142591573C002D2522 /* HomeTableViewCell.m */; };
		118963172591573C002D2522 /* HomeTableViewCell.xib in Resources */ = {isa = PBXBuildFile; fileRef = 118963152591573C002D2522 /* HomeTableViewCell.xib */; };
		1189632425922BBD002D2522 /* DetailsViewController.m in Sources */ = {isa = PBXBuildFile; fileRef = 1189632325922BBD002D2522 /* DetailsViewController.m */; };
		11A0C6992598072500C65F03 /* HomeSearchBar.m in Sources */ = {isa = PBXBuildFile; fileRef = 11A0C6982598072500C65F03 /* HomeSearchBar.m */; };
		11A0C69E259880B500C65F03 /* Spinner.m in Sources */ = {isa = PBXBuildFile; fileRef = 11A0C69D259880B500C65F03 /* Spinner.m */; };
		11C837E72592899F00268BDD /* UIImageView+Category.m in Sources */ = {isa = PBXBuildFile; fileRef = 11C837E62592899F00268BDD /* UIImageView+Category.m */; };
		11D082682590CFD400978954 /* AppDelegate.m in Sources */ = {isa = PBXBuildFile; fileRef = 11D082672590CFD400978954 /* AppDelegate.m */; };
		11D0826B2590CFD400978954 /* SceneDelegate.m in Sources */ = {isa = PBXBuildFile; fileRef = 11D0826A2590CFD400978954 /* SceneDelegate.m */; };
		11D0826E2590CFD400978954 /* HomeViewController.m in Sources */ = {isa = PBXBuildFile; fileRef = 11D0826D2590CFD400978954 /* HomeViewController.m */; };
		11D082712590CFD400978954 /* Main.storyboard in Resources */ = {isa = PBXBuildFile; fileRef = 11D0826F2590CFD400978954 /* Main.storyboard */; };
		11D082732590CFD600978954 /* Assets.xcassets in Resources */ = {isa = PBXBuildFile; fileRef = 11D082722590CFD600978954 /* Assets.xcassets */; };
		11D082762590CFD600978954 /* LaunchScreen.storyboard in Resources */ = {isa = PBXBuildFile; fileRef = 11D082742590CFD600978954 /* LaunchScreen.storyboard */; };
		11D082792590CFD600978954 /* main.m in Sources */ = {isa = PBXBuildFile; fileRef = 11D082782590CFD600978954 /* main.m */; };
		11D082832590D17700978954 /* HTTPService.m in Sources */ = {isa = PBXBuildFile; fileRef = 11D082822590D17700978954 /* HTTPService.m */; };
		11DFB6F02593FBD20090572E /* TypographyHelper.m in Sources */ = {isa = PBXBuildFile; fileRef = 11DFB6EF2593FBD20090572E /* TypographyHelper.m */; };
		11DFB6F825943B830090572E /* UserResponse.m in Sources */ = {isa = PBXBuildFile; fileRef = 11DFB6F725943B830090572E /* UserResponse.m */; };
		11DFB6FC25979C760090572E /* UIViewController+Alert.m in Sources */ = {isa = PBXBuildFile; fileRef = 11DFB6FB25979C750090572E /* UIViewController+Alert.m */; };
		11DFB7052597D5680090572E /* HomeTableViewDataSource.m in Sources */ = {isa = PBXBuildFile; fileRef = 11DFB7042597D5680090572E /* HomeTableViewDataSource.m */; };
/* End PBXBuildFile section */

/* Begin PBXFileReference section */
		11062815259291EA00B67046 /* DetailsHelper.h */ = {isa = PBXFileReference; lastKnownFileType = sourcecode.c.h; path = DetailsHelper.h; sourceTree = "<group>"; };
		11062816259291EA00B67046 /* DetailsHelper.m */ = {isa = PBXFileReference; lastKnownFileType = sourcecode.c.objc; path = DetailsHelper.m; sourceTree = "<group>"; };
		1106281A2592CF7200B67046 /* NSDictionary+Safety.h */ = {isa = PBXFileReference; lastKnownFileType = sourcecode.c.h; path = "NSDictionary+Safety.h"; sourceTree = "<group>"; };
		1106281B2592CF7200B67046 /* NSDictionary+Safety.m */ = {isa = PBXFileReference; lastKnownFileType = sourcecode.c.objc; path = "NSDictionary+Safety.m"; sourceTree = "<group>"; };
		1189630D25914F0A002D2522 /* User.h */ = {isa = PBXFileReference; lastKnownFileType = sourcecode.c.h; path = User.h; sourceTree = "<group>"; };
		1189630E25914F0A002D2522 /* User.m */ = {isa = PBXFileReference; lastKnownFileType = sourcecode.c.objc; path = User.m; sourceTree = "<group>"; };
		118963132591573C002D2522 /* HomeTableViewCell.h */ = {isa = PBXFileReference; lastKnownFileType = sourcecode.c.h; path = HomeTableViewCell.h; sourceTree = "<group>"; };
		118963142591573C002D2522 /* HomeTableViewCell.m */ = {isa = PBXFileReference; lastKnownFileType = sourcecode.c.objc; path = HomeTableViewCell.m; sourceTree = "<group>"; };
		118963152591573C002D2522 /* HomeTableViewCell.xib */ = {isa = PBXFileReference; lastKnownFileType = file.xib; path = HomeTableViewCell.xib; sourceTree = "<group>"; };
		1189632225922BBD002D2522 /* DetailsViewController.h */ = {isa = PBXFileReference; lastKnownFileType = sourcecode.c.h; path = DetailsViewController.h; sourceTree = "<group>"; };
		1189632325922BBD002D2522 /* DetailsViewController.m */ = {isa = PBXFileReference; lastKnownFileType = sourcecode.c.objc; path = DetailsViewController.m; sourceTree = "<group>"; };
		11A0C6972598072500C65F03 /* HomeSearchBar.h */ = {isa = PBXFileReference; lastKnownFileType = sourcecode.c.h; path = HomeSearchBar.h; sourceTree = "<group>"; };
		11A0C6982598072500C65F03 /* HomeSearchBar.m */ = {isa = PBXFileReference; lastKnownFileType = sourcecode.c.objc; path = HomeSearchBar.m; sourceTree = "<group>"; };
		11A0C69C259880B500C65F03 /* Spinner.h */ = {isa = PBXFileReference; lastKnownFileType = sourcecode.c.h; path = Spinner.h; sourceTree = "<group>"; };
		11A0C69D259880B500C65F03 /* Spinner.m */ = {isa = PBXFileReference; lastKnownFileType = sourcecode.c.objc; path = Spinner.m; sourceTree = "<group>"; };
		11C837E52592899F00268BDD /* UIImageView+Category.h */ = {isa = PBXFileReference; lastKnownFileType = sourcecode.c.h; path = "UIImageView+Category.h"; sourceTree = "<group>"; };
		11C837E62592899F00268BDD /* UIImageView+Category.m */ = {isa = PBXFileReference; lastKnownFileType = sourcecode.c.objc; path = "UIImageView+Category.m"; sourceTree = "<group>"; };
		11D082632590CFD400978954 /* GithubFinder.app */ = {isa = PBXFileReference; explicitFileType = wrapper.application; includeInIndex = 0; path = GithubFinder.app; sourceTree = BUILT_PRODUCTS_DIR; };
		11D082662590CFD400978954 /* AppDelegate.h */ = {isa = PBXFileReference; lastKnownFileType = sourcecode.c.h; path = AppDelegate.h; sourceTree = "<group>"; };
		11D082672590CFD400978954 /* AppDelegate.m */ = {isa = PBXFileReference; lastKnownFileType = sourcecode.c.objc; path = AppDelegate.m; sourceTree = "<group>"; };
		11D082692590CFD400978954 /* SceneDelegate.h */ = {isa = PBXFileReference; lastKnownFileType = sourcecode.c.h; path = SceneDelegate.h; sourceTree = "<group>"; };
		11D0826A2590CFD400978954 /* SceneDelegate.m */ = {isa = PBXFileReference; lastKnownFileType = sourcecode.c.objc; path = SceneDelegate.m; sourceTree = "<group>"; };
		11D0826C2590CFD400978954 /* HomeViewController.h */ = {isa = PBXFileReference; lastKnownFileType = sourcecode.c.h; path = HomeViewController.h; sourceTree = "<group>"; };
		11D0826D2590CFD400978954 /* HomeViewController.m */ = {isa = PBXFileReference; lastKnownFileType = sourcecode.c.objc; path = HomeViewController.m; sourceTree = "<group>"; };
		11D082702590CFD400978954 /* Base */ = {isa = PBXFileReference; lastKnownFileType = file.storyboard; name = Base; path = Base.lproj/Main.storyboard; sourceTree = "<group>"; };
		11D082722590CFD600978954 /* Assets.xcassets */ = {isa = PBXFileReference; lastKnownFileType = folder.assetcatalog; path = Assets.xcassets; sourceTree = "<group>"; };
		11D082752590CFD600978954 /* Base */ = {isa = PBXFileReference; lastKnownFileType = file.storyboard; name = Base; path = Base.lproj/LaunchScreen.storyboard; sourceTree = "<group>"; };
		11D082772590CFD600978954 /* Info.plist */ = {isa = PBXFileReference; lastKnownFileType = text.plist.xml; path = Info.plist; sourceTree = "<group>"; };
		11D082782590CFD600978954 /* main.m */ = {isa = PBXFileReference; lastKnownFileType = sourcecode.c.objc; path = main.m; sourceTree = "<group>"; };
		11D082812590D17700978954 /* HTTPService.h */ = {isa = PBXFileReference; lastKnownFileType = sourcecode.c.h; path = HTTPService.h; sourceTree = "<group>"; };
		11D082822590D17700978954 /* HTTPService.m */ = {isa = PBXFileReference; lastKnownFileType = sourcecode.c.objc; path = HTTPService.m; sourceTree = "<group>"; };
		11DFB6EE2593FBD20090572E /* TypographyHelper.h */ = {isa = PBXFileReference; lastKnownFileType = sourcecode.c.h; path = TypographyHelper.h; sourceTree = "<group>"; };
		11DFB6EF2593FBD20090572E /* TypographyHelper.m */ = {isa = PBXFileReference; lastKnownFileType = sourcecode.c.objc; path = TypographyHelper.m; sourceTree = "<group>"; };
		11DFB6F625943B830090572E /* UserResponse.h */ = {isa = PBXFileReference; lastKnownFileType = sourcecode.c.h; path = UserResponse.h; sourceTree = "<group>"; };
		11DFB6F725943B830090572E /* UserResponse.m */ = {isa = PBXFileReference; lastKnownFileType = sourcecode.c.objc; path = UserResponse.m; sourceTree = "<group>"; };
		11DFB6FA25979C750090572E /* UIViewController+Alert.h */ = {isa = PBXFileReference; lastKnownFileType = sourcecode.c.h; path = "UIViewController+Alert.h"; sourceTree = "<group>"; };
		11DFB6FB25979C750090572E /* UIViewController+Alert.m */ = {isa = PBXFileReference; lastKnownFileType = sourcecode.c.objc; path = "UIViewController+Alert.m"; sourceTree = "<group>"; };
		11DFB7032597D5680090572E /* HomeTableViewDataSource.h */ = {isa = PBXFileReference; lastKnownFileType = sourcecode.c.h; path = HomeTableViewDataSource.h; sourceTree = "<group>"; };
		11DFB7042597D5680090572E /* HomeTableViewDataSource.m */ = {isa = PBXFileReference; lastKnownFileType = sourcecode.c.objc; path = HomeTableViewDataSource.m; sourceTree = "<group>"; };
/* End PBXFileReference section */

/* Begin PBXFrameworksBuildPhase section */
		11D082602590CFD400978954 /* Frameworks */ = {
			isa = PBXFrameworksBuildPhase;
			buildActionMask = 2147483647;
			files = (
			);
			runOnlyForDeploymentPostprocessing = 0;
		};
/* End PBXFrameworksBuildPhase section */

/* Begin PBXGroup section */
		1106281025928DDE00B67046 /* Categories */ = {
			isa = PBXGroup;
			children = (
				11C837E52592899F00268BDD /* UIImageView+Category.h */,
				11C837E62592899F00268BDD /* UIImageView+Category.m */,
				11DFB6FA25979C750090572E /* UIViewController+Alert.h */,
				11DFB6FB25979C750090572E /* UIViewController+Alert.m */,
				1106281A2592CF7200B67046 /* NSDictionary+Safety.h */,
				1106281B2592CF7200B67046 /* NSDictionary+Safety.m */,
			);
			path = Categories;
			sourceTree = "<group>";
		};
		1106281225928DE800B67046 /* Controllers */ = {
			isa = PBXGroup;
			children = (
				11D0826C2590CFD400978954 /* HomeViewController.h */,
				11D0826D2590CFD400978954 /* HomeViewController.m */,
				1189632225922BBD002D2522 /* DetailsViewController.h */,
				1189632325922BBD002D2522 /* DetailsViewController.m */,
			);
			path = Controllers;
			sourceTree = "<group>";
		};
		11062814259291D100B67046 /* Helpers */ = {
			isa = PBXGroup;
			children = (
				11062815259291EA00B67046 /* DetailsHelper.h */,
				11062816259291EA00B67046 /* DetailsHelper.m */,
				11DFB6EE2593FBD20090572E /* TypographyHelper.h */,
				11DFB6EF2593FBD20090572E /* TypographyHelper.m */,
				11DFB7032597D5680090572E /* HomeTableViewDataSource.h */,
				11DFB7042597D5680090572E /* HomeTableViewDataSource.m */,
				11A0C6972598072500C65F03 /* HomeSearchBar.h */,
				11A0C6982598072500C65F03 /* HomeSearchBar.m */,
			);
			path = Helpers;
			sourceTree = "<group>";
		};
		1189630625912C81002D2522 /* Supporting Files */ = {
			isa = PBXGroup;
			children = (
				11D082742590CFD600978954 /* LaunchScreen.storyboard */,
				11D082662590CFD400978954 /* AppDelegate.h */,
				11D082672590CFD400978954 /* AppDelegate.m */,
				11D082692590CFD400978954 /* SceneDelegate.h */,
				11D0826A2590CFD400978954 /* SceneDelegate.m */,
			);
			path = "Supporting Files";
			sourceTree = "<group>";
		};
		1189630C25914EF7002D2522 /* Models */ = {
			isa = PBXGroup;
			children = (
				1189630D25914F0A002D2522 /* User.h */,
				1189630E25914F0A002D2522 /* User.m */,
				11DFB6F625943B830090572E /* UserResponse.h */,
				11DFB6F725943B830090572E /* UserResponse.m */,
			);
			path = Models;
			sourceTree = "<group>";
		};
		1189631225915710002D2522 /* XIB */ = {
			isa = PBXGroup;
			children = (
				118963132591573C002D2522 /* HomeTableViewCell.h */,
				118963142591573C002D2522 /* HomeTableViewCell.m */,
				118963152591573C002D2522 /* HomeTableViewCell.xib */,
			);
			path = XIB;
			sourceTree = "<group>";
		};
		11A0C69B2598806300C65F03 /* Views */ = {
			isa = PBXGroup;
			children = (
				11A0C69C259880B500C65F03 /* Spinner.h */,
				11A0C69D259880B500C65F03 /* Spinner.m */,
			);
			path = Views;
			sourceTree = "<group>";
		};
		11D0825A2590CFD400978954 = {
			isa = PBXGroup;
			children = (
				11D082652590CFD400978954 /* GithubFinder */,
				11D082642590CFD400978954 /* Products */,
			);
			sourceTree = "<group>";
		};
		11D082642590CFD400978954 /* Products */ = {
			isa = PBXGroup;
			children = (
				11D082632590CFD400978954 /* GithubFinder.app */,
			);
			name = Products;
			sourceTree = "<group>";
		};
		11D082652590CFD400978954 /* GithubFinder */ = {
			isa = PBXGroup;
			children = (
				11A0C69B2598806300C65F03 /* Views */,
				11062814259291D100B67046 /* Helpers */,
				1106281025928DDE00B67046 /* Categories */,
				1189631225915710002D2522 /* XIB */,
				1189630C25914EF7002D2522 /* Models */,
				11D082802590D15700978954 /* Services */,
				1189630625912C81002D2522 /* Supporting Files */,
				1106281225928DE800B67046 /* Controllers */,
				11D0826F2590CFD400978954 /* Main.storyboard */,
				11D082722590CFD600978954 /* Assets.xcassets */,
				11D082772590CFD600978954 /* Info.plist */,
				11D082782590CFD600978954 /* main.m */,
			);
			path = GithubFinder;
			sourceTree = "<group>";
		};
		11D082802590D15700978954 /* Services */ = {
			isa = PBXGroup;
			children = (
				11D082812590D17700978954 /* HTTPService.h */,
				11D082822590D17700978954 /* HTTPService.m */,
			);
			path = Services;
			sourceTree = "<group>";
		};
/* End PBXGroup section */

/* Begin PBXNativeTarget section */
		11D082622590CFD400978954 /* GithubFinder */ = {
			isa = PBXNativeTarget;
			buildConfigurationList = 11D0827C2590CFD600978954 /* Build configuration list for PBXNativeTarget "GithubFinder" */;
			buildPhases = (
				11D0825F2590CFD400978954 /* Sources */,
				11D082602590CFD400978954 /* Frameworks */,
				11D082612590CFD400978954 /* Resources */,
			);
			buildRules = (
			);
			dependencies = (
			);
			name = GithubFinder;
			productName = GithubFinder;
			productReference = 11D082632590CFD400978954 /* GithubFinder.app */;
			productType = "com.apple.product-type.application";
		};
/* End PBXNativeTarget section */

/* Begin PBXProject section */
		11D0825B2590CFD400978954 /* Project object */ = {
			isa = PBXProject;
			attributes = {
				LastUpgradeCheck = 1230;
				TargetAttributes = {
					11D082622590CFD400978954 = {
						CreatedOnToolsVersion = 12.3;
					};
				};
			};
			buildConfigurationList = 11D0825E2590CFD400978954 /* Build configuration list for PBXProject "GithubFinder" */;
			compatibilityVersion = "Xcode 9.3";
			developmentRegion = en;
			hasScannedForEncodings = 0;
			knownRegions = (
				en,
				Base,
			);
			mainGroup = 11D0825A2590CFD400978954;
			productRefGroup = 11D082642590CFD400978954 /* Products */;
			projectDirPath = "";
			projectRoot = "";
			targets = (
				11D082622590CFD400978954 /* GithubFinder */,
			);
		};
/* End PBXProject section */

/* Begin PBXResourcesBuildPhase section */
		11D082612590CFD400978954 /* Resources */ = {
			isa = PBXResourcesBuildPhase;
			buildActionMask = 2147483647;
			files = (
				11D082762590CFD600978954 /* LaunchScreen.storyboard in Resources */,
				11D082732590CFD600978954 /* Assets.xcassets in Resources */,
				118963172591573C002D2522 /* HomeTableViewCell.xib in Resources */,
				11D082712590CFD400978954 /* Main.storyboard in Resources */,
			);
			runOnlyForDeploymentPostprocessing = 0;
		};
/* End PBXResourcesBuildPhase section */

/* Begin PBXSourcesBuildPhase section */
		11D0825F2590CFD400978954 /* Sources */ = {
			isa = PBXSourcesBuildPhase;
			buildActionMask = 2147483647;
			files = (
				11DFB6F02593FBD20090572E /* TypographyHelper.m in Sources */,
				11062817259291EA00B67046 /* DetailsHelper.m in Sources */,
				11DFB7052597D5680090572E /* HomeTableViewDataSource.m in Sources */,
				11D0826E2590CFD400978954 /* HomeViewController.m in Sources */,
				11D082832590D17700978954 /* HTTPService.m in Sources */,
				1189630F25914F0A002D2522 /* User.m in Sources */,
				11D082682590CFD400978954 /* AppDelegate.m in Sources */,
				1106281C2592CF7200B67046 /* NSDictionary+Safety.m in Sources */,
				118963162591573C002D2522 /* HomeTableViewCell.m in Sources */,
				11C837E72592899F00268BDD /* UIImageView+Category.m in Sources */,
				11A0C69E259880B500C65F03 /* Spinner.m in Sources */,
				11D082792590CFD600978954 /* main.m in Sources */,
				11D0826B2590CFD400978954 /* SceneDelegate.m in Sources */,
				11DFB6F825943B830090572E /* UserResponse.m in Sources */,
				1189632425922BBD002D2522 /* DetailsViewController.m in Sources */,
				11A0C6992598072500C65F03 /* HomeSearchBar.m in Sources */,
				11DFB6FC25979C760090572E /* UIViewController+Alert.m in Sources */,
			);
			runOnlyForDeploymentPostprocessing = 0;
		};
/* End PBXSourcesBuildPhase section */

/* Begin PBXVariantGroup section */
		11D0826F2590CFD400978954 /* Main.storyboard */ = {
			isa = PBXVariantGroup;
			children = (
				11D082702590CFD400978954 /* Base */,
			);
			name = Main.storyboard;
			sourceTree = "<group>";
		};
		11D082742590CFD600978954 /* LaunchScreen.storyboard */ = {
			isa = PBXVariantGroup;
			children = (
				11D082752590CFD600978954 /* Base */,
			);
			name = LaunchScreen.storyboard;
			sourceTree = "<group>";
		};
/* End PBXVariantGroup section */

/* Begin XCBuildConfiguration section */
		11D0827A2590CFD600978954 /* Debug */ = {
			isa = XCBuildConfiguration;
			buildSettings = {
				ALWAYS_SEARCH_USER_PATHS = NO;
				CLANG_ANALYZER_NONNULL = YES;
				CLANG_ANALYZER_NUMBER_OBJECT_CONVERSION = YES_AGGRESSIVE;
				CLANG_CXX_LANGUAGE_STANDARD = "gnu++14";
				CLANG_CXX_LIBRARY = "libc++";
				CLANG_ENABLE_MODULES = YES;
				CLANG_ENABLE_OBJC_ARC = YES;
				CLANG_ENABLE_OBJC_WEAK = YES;
				CLANG_WARN_BLOCK_CAPTURE_AUTORELEASING = YES;
				CLANG_WARN_BOOL_CONVERSION = YES;
				CLANG_WARN_COMMA = YES;
				CLANG_WARN_CONSTANT_CONVERSION = YES;
				CLANG_WARN_DEPRECATED_OBJC_IMPLEMENTATIONS = YES;
				CLANG_WARN_DIRECT_OBJC_ISA_USAGE = YES_ERROR;
				CLANG_WARN_DOCUMENTATION_COMMENTS = YES;
				CLANG_WARN_EMPTY_BODY = YES;
				CLANG_WARN_ENUM_CONVERSION = YES;
				CLANG_WARN_INFINITE_RECURSION = YES;
				CLANG_WARN_INT_CONVERSION = YES;
				CLANG_WARN_NON_LITERAL_NULL_CONVERSION = YES;
				CLANG_WARN_OBJC_IMPLICIT_RETAIN_SELF = YES;
				CLANG_WARN_OBJC_LITERAL_CONVERSION = YES;
				CLANG_WARN_OBJC_ROOT_CLASS = YES_ERROR;
				CLANG_WARN_QUOTED_INCLUDE_IN_FRAMEWORK_HEADER = YES;
				CLANG_WARN_RANGE_LOOP_ANALYSIS = YES;
				CLANG_WARN_STRICT_PROTOTYPES = YES;
				CLANG_WARN_SUSPICIOUS_MOVE = YES;
				CLANG_WARN_UNGUARDED_AVAILABILITY = YES_AGGRESSIVE;
				CLANG_WARN_UNREACHABLE_CODE = YES;
				CLANG_WARN__DUPLICATE_METHOD_MATCH = YES;
				COPY_PHASE_STRIP = NO;
				DEBUG_INFORMATION_FORMAT = dwarf;
				ENABLE_STRICT_OBJC_MSGSEND = YES;
				ENABLE_TESTABILITY = YES;
				GCC_C_LANGUAGE_STANDARD = gnu11;
				GCC_DYNAMIC_NO_PIC = NO;
				GCC_NO_COMMON_BLOCKS = YES;
				GCC_OPTIMIZATION_LEVEL = 0;
				GCC_PREPROCESSOR_DEFINITIONS = (
					"DEBUG=1",
					"$(inherited)",
				);
				GCC_WARN_64_TO_32_BIT_CONVERSION = YES;
				GCC_WARN_ABOUT_RETURN_TYPE = YES_ERROR;
				GCC_WARN_UNDECLARED_SELECTOR = YES;
				GCC_WARN_UNINITIALIZED_AUTOS = YES_AGGRESSIVE;
				GCC_WARN_UNUSED_FUNCTION = YES;
				GCC_WARN_UNUSED_VARIABLE = YES;
				IPHONEOS_DEPLOYMENT_TARGET = 9.0;
				MTL_ENABLE_DEBUG_INFO = INCLUDE_SOURCE;
				MTL_FAST_MATH = YES;
				ONLY_ACTIVE_ARCH = YES;
				SDKROOT = iphoneos;
			};
			name = Debug;
		};
		11D0827B2590CFD600978954 /* Release */ = {
			isa = XCBuildConfiguration;
			buildSettings = {
				ALWAYS_SEARCH_USER_PATHS = NO;
				CLANG_ANALYZER_NONNULL = YES;
				CLANG_ANALYZER_NUMBER_OBJECT_CONVERSION = YES_AGGRESSIVE;
				CLANG_CXX_LANGUAGE_STANDARD = "gnu++14";
				CLANG_CXX_LIBRARY = "libc++";
				CLANG_ENABLE_MODULES = YES;
				CLANG_ENABLE_OBJC_ARC = YES;
				CLANG_ENABLE_OBJC_WEAK = YES;
				CLANG_WARN_BLOCK_CAPTURE_AUTORELEASING = YES;
				CLANG_WARN_BOOL_CONVERSION = YES;
				CLANG_WARN_COMMA = YES;
				CLANG_WARN_CONSTANT_CONVERSION = YES;
				CLANG_WARN_DEPRECATED_OBJC_IMPLEMENTATIONS = YES;
				CLANG_WARN_DIRECT_OBJC_ISA_USAGE = YES_ERROR;
				CLANG_WARN_DOCUMENTATION_COMMENTS = YES;
				CLANG_WARN_EMPTY_BODY = YES;
				CLANG_WARN_ENUM_CONVERSION = YES;
				CLANG_WARN_INFINITE_RECURSION = YES;
				CLANG_WARN_INT_CONVERSION = YES;
				CLANG_WARN_NON_LITERAL_NULL_CONVERSION = YES;
				CLANG_WARN_OBJC_IMPLICIT_RETAIN_SELF = YES;
				CLANG_WARN_OBJC_LITERAL_CONVERSION = YES;
				CLANG_WARN_OBJC_ROOT_CLASS = YES_ERROR;
				CLANG_WARN_QUOTED_INCLUDE_IN_FRAMEWORK_HEADER = YES;
				CLANG_WARN_RANGE_LOOP_ANALYSIS = YES;
				CLANG_WARN_STRICT_PROTOTYPES = YES;
				CLANG_WARN_SUSPICIOUS_MOVE = YES;
				CLANG_WARN_UNGUARDED_AVAILABILITY = YES_AGGRESSIVE;
				CLANG_WARN_UNREACHABLE_CODE = YES;
				CLANG_WARN__DUPLICATE_METHOD_MATCH = YES;
				COPY_PHASE_STRIP = NO;
				DEBUG_INFORMATION_FORMAT = "dwarf-with-dsym";
				ENABLE_NS_ASSERTIONS = NO;
				ENABLE_STRICT_OBJC_MSGSEND = YES;
				GCC_C_LANGUAGE_STANDARD = gnu11;
				GCC_NO_COMMON_BLOCKS = YES;
				GCC_WARN_64_TO_32_BIT_CONVERSION = YES;
				GCC_WARN_ABOUT_RETURN_TYPE = YES_ERROR;
				GCC_WARN_UNDECLARED_SELECTOR = YES;
				GCC_WARN_UNINITIALIZED_AUTOS = YES_AGGRESSIVE;
				GCC_WARN_UNUSED_FUNCTION = YES;
				GCC_WARN_UNUSED_VARIABLE = YES;
				IPHONEOS_DEPLOYMENT_TARGET = 9.0;
				MTL_ENABLE_DEBUG_INFO = NO;
				MTL_FAST_MATH = YES;
				SDKROOT = iphoneos;
				VALIDATE_PRODUCT = YES;
			};
			name = Release;
		};
		11D0827D2590CFD600978954 /* Debug */ = {
			isa = XCBuildConfiguration;
			buildSettings = {
				ASSETCATALOG_COMPILER_APPICON_NAME = AppIcon;
				ASSETCATALOG_COMPILER_GLOBAL_ACCENT_COLOR_NAME = AccentColor;
				CODE_SIGN_STYLE = Automatic;
				DEVELOPMENT_TEAM = P353H6D448;
				INFOPLIST_FILE = GithubFinder/Info.plist;
				LD_RUNPATH_SEARCH_PATHS = (
					"$(inherited)",
					"@executable_path/Frameworks",
				);
				PRODUCT_BUNDLE_IDENTIFIER = maxkalik.com.GithubFinder;
				PRODUCT_NAME = "$(TARGET_NAME)";
				TARGETED_DEVICE_FAMILY = 1;
			};
			name = Debug;
		};
		11D0827E2590CFD600978954 /* Release */ = {
			isa = XCBuildConfiguration;
			buildSettings = {
				ASSETCATALOG_COMPILER_APPICON_NAME = AppIcon;
				ASSETCATALOG_COMPILER_GLOBAL_ACCENT_COLOR_NAME = AccentColor;
				CODE_SIGN_STYLE = Automatic;
				DEVELOPMENT_TEAM = P353H6D448;
				INFOPLIST_FILE = GithubFinder/Info.plist;
				LD_RUNPATH_SEARCH_PATHS = (
					"$(inherited)",
					"@executable_path/Frameworks",
				);
				PRODUCT_BUNDLE_IDENTIFIER = maxkalik.com.GithubFinder;
				PRODUCT_NAME = "$(TARGET_NAME)";
				TARGETED_DEVICE_FAMILY = 1;
			};
			name = Release;
		};
/* End XCBuildConfiguration section */

/* Begin XCConfigurationList section */
		11D0825E2590CFD400978954 /* Build configuration list for PBXProject "GithubFinder" */ = {
			isa = XCConfigurationList;
			buildConfigurations = (
				11D0827A2590CFD600978954 /* Debug */,
				11D0827B2590CFD600978954 /* Release */,
			);
			defaultConfigurationIsVisible = 0;
			defaultConfigurationName = Release;
		};
		11D0827C2590CFD600978954 /* Build configuration list for PBXNativeTarget "GithubFinder" */ = {
			isa = XCConfigurationList;
			buildConfigurations = (
				11D0827D2590CFD600978954 /* Debug */,
				11D0827E2590CFD600978954 /* Release */,
			);
			defaultConfigurationIsVisible = 0;
			defaultConfigurationName = Release;
		};
/* End XCConfigurationList section */
	};
	rootObject = 11D0825B2590CFD400978954 /* Project object */;
}
